
Microsoft Visual Studio Solution File, Format Version 12.00
# Visual Studio Version 16
VisualStudioVersion = 16.0.31005.135
MinimumVisualStudioVersion = 10.0.40219.1
Project("{FAE04EC0-301F-11D3-BF4B-00C04F79EFBC}") = "Hak2021v2.0", "Hak2021v2.0.csproj", "{5FB906FE-4E23-4DD6-B7DA-A86D483445E9}"
EndProject
Global
	GlobalSection(SolutionConfigurationPlatforms) = preSolution
		Debug|Any CPU = Debug|Any CPU
		Release|Any CPU = Release|Any CPU
	EndGlobalSection
	GlobalSection(ProjectConfigurationPlatforms) = postSolution
		{5FB906FE-4E23-4DD6-B7DA-A86D483445E9}.Debug|Any CPU.ActiveCfg = Debug|Any CPU
		{5FB906FE-4E23-4DD6-B7DA-A86D483445E9}.Debug|Any CPU.Build.0 = Debug|Any CPU
		{5FB906FE-4E23-4DD6-B7DA-A86D483445E9}.Release|Any CPU.ActiveCfg = Release|Any CPU
		{5FB906FE-4E23-4DD6-B7DA-A86D483445E9}.Release|Any CPU.Build.0 = Release|Any CPU
	EndGlobalSection
	GlobalSection(SolutionProperties) = preSolution
		HideSolutionNode = FALSE
	EndGlobalSection
	GlobalSection(ExtensibilityGlobals) = postSolution
		SolutionGuid = {5FE43D43-0A0C-4DEB-97FC-F2B266859ED6}
	EndGlobalSection
EndGlobal
